
Microsoft Visual Studio Solution File, Format Version 12.00
Project("{FAE04EC0-301F-11D3-BF4B-00C04F79EFBC}") = "Market.Gateway.Api", "Market.Gateway.Api\Market.Gateway.Api.csproj", "{2FFBC080-5C7D-43BA-9FDF-64B5BBB124D3}"
EndProject
Global
	GlobalSection(SolutionConfigurationPlatforms) = preSolution
		Debug|Any CPU = Debug|Any CPU
		Release|Any CPU = Release|Any CPU
	EndGlobalSection
	GlobalSection(ProjectConfigurationPlatforms) = postSolution
		{2FFBC080-5C7D-43BA-9FDF-64B5BBB124D3}.Debug|Any CPU.ActiveCfg = Debug|Any CPU
		{2FFBC080-5C7D-43BA-9FDF-64B5BBB124D3}.Debug|Any CPU.Build.0 = Debug|Any CPU
		{2FFBC080-5C7D-43BA-9FDF-64B5BBB124D3}.Release|Any CPU.ActiveCfg = Release|Any CPU
		{2FFBC080-5C7D-43BA-9FDF-64B5BBB124D3}.Release|Any CPU.Build.0 = Release|Any CPU
	EndGlobalSection
EndGlobal
